// !$*UTF8*$!
{
	archiveVersion = 1;
	classes = {
	};
	objectVersion = 46;
	objects = {

/* Begin PBXBuildFile section */
		3A4629BB1885925D00B26C5B /* Foundation.framework in Frameworks */ = {isa = PBXBuildFile; fileRef = 3A4629BA1885925D00B26C5B /* Foundation.framework */; };
		3A4629BD1885925D00B26C5B /* CoreGraphics.framework in Frameworks */ = {isa = PBXBuildFile; fileRef = 3A4629BC1885925D00B26C5B /* CoreGraphics.framework */; };
		3A4629BF1885925D00B26C5B /* UIKit.framework in Frameworks */ = {isa = PBXBuildFile; fileRef = 3A4629BE1885925D00B26C5B /* UIKit.framework */; };
		3A4629C51885925D00B26C5B /* InfoPlist.strings in Resources */ = {isa = PBXBuildFile; fileRef = 3A4629C31885925D00B26C5B /* InfoPlist.strings */; };
		3A4629C71885925D00B26C5B /* main.m in Sources */ = {isa = PBXBuildFile; fileRef = 3A4629C61885925D00B26C5B /* main.m */; };
		3A4629CB1885925D00B26C5B /* AttributorAppDelegate.m in Sources */ = {isa = PBXBuildFile; fileRef = 3A4629CA1885925D00B26C5B /* AttributorAppDelegate.m */; };
		3A4629CE1885925D00B26C5B /* Main.storyboard in Resources */ = {isa = PBXBuildFile; fileRef = 3A4629CC1885925D00B26C5B /* Main.storyboard */; };
		3A4629D11885925D00B26C5B /* AttributorViewController.m in Sources */ = {isa = PBXBuildFile; fileRef = 3A4629D01885925D00B26C5B /* AttributorViewController.m */; };
		3A4629D31885925E00B26C5B /* Images.xcassets in Resources */ = {isa = PBXBuildFile; fileRef = 3A4629D21885925E00B26C5B /* Images.xcassets */; };
		3A4629DA1885925E00B26C5B /* XCTest.framework in Frameworks */ = {isa = PBXBuildFile; fileRef = 3A4629D91885925E00B26C5B /* XCTest.framework */; };
		3A4629DB1885925E00B26C5B /* Foundation.framework in Frameworks */ = {isa = PBXBuildFile; fileRef = 3A4629BA1885925D00B26C5B /* Foundation.framework */; };
		3A4629DC1885925E00B26C5B /* UIKit.framework in Frameworks */ = {isa = PBXBuildFile; fileRef = 3A4629BE1885925D00B26C5B /* UIKit.framework */; };
		3A4629E41885925E00B26C5B /* InfoPlist.strings in Resources */ = {isa = PBXBuildFile; fileRef = 3A4629E21885925E00B26C5B /* InfoPlist.strings */; };
		3A4629E61885925E00B26C5B /* AttributorTests.m in Sources */ = {isa = PBXBuildFile; fileRef = 3A4629E51885925E00B26C5B /* AttributorTests.m */; };
		3A912AAF1886FBC900225DDC /* TextStatsViewController.m in Sources */ = {isa = PBXBuildFile; fileRef = 3A912AAE1886FBC900225DDC /* TextStatsViewController.m */; };
/* End PBXBuildFile section */

/* Begin PBXContainerItemProxy section */
		3A4629DD1885925E00B26C5B /* PBXContainerItemProxy */ = {
			isa = PBXContainerItemProxy;
			containerPortal = 3A4629AF1885925D00B26C5B /* Project object */;
			proxyType = 1;
			remoteGlobalIDString = 3A4629B61885925D00B26C5B;
			remoteInfo = Attributor;
		};
/* End PBXContainerItemProxy section */

/* Begin PBXFileReference section */
		3A4629B71885925D00B26C5B /* Attributor.app */ = {isa = PBXFileReference; explicitFileType = wrapper.application; includeInIndex = 0; path = Attributor.app; sourceTree = BUILT_PRODUCTS_DIR; };
		3A4629BA1885925D00B26C5B /* Foundation.framework */ = {isa = PBXFileReference; lastKnownFileType = wrapper.framework; name = Foundation.framework; path = System/Library/Frameworks/Foundation.framework; sourceTree = SDKROOT; };
		3A4629BC1885925D00B26C5B /* CoreGraphics.framework */ = {isa = PBXFileReference; lastKnownFileType = wrapper.framework; name = CoreGraphics.framework; path = System/Library/Frameworks/CoreGraphics.framework; sourceTree = SDKROOT; };
		3A4629BE1885925D00B26C5B /* UIKit.framework */ = {isa = PBXFileReference; lastKnownFileType = wrapper.framework; name = UIKit.framework; path = System/Library/Frameworks/UIKit.framework; sourceTree = SDKROOT; };
		3A4629C21885925D00B26C5B /* Attributor-Info.plist */ = {isa = PBXFileReference; lastKnownFileType = text.plist.xml; path = "Attributor-Info.plist"; sourceTree = "<group>"; };
		3A4629C41885925D00B26C5B /* en */ = {isa = PBXFileReference; lastKnownFileType = text.plist.strings; name = en; path = en.lproj/InfoPlist.strings; sourceTree = "<group>"; };
		3A4629C61885925D00B26C5B /* main.m */ = {isa = PBXFileReference; lastKnownFileType = sourcecode.c.objc; path = main.m; sourceTree = "<group>"; };
		3A4629C81885925D00B26C5B /* Attributor-Prefix.pch */ = {isa = PBXFileReference; lastKnownFileType = sourcecode.c.h; path = "Attributor-Prefix.pch"; sourceTree = "<group>"; };
		3A4629C91885925D00B26C5B /* AttributorAppDelegate.h */ = {isa = PBXFileReference; lastKnownFileType = sourcecode.c.h; path = AttributorAppDelegate.h; sourceTree = "<group>"; };
		3A4629CA1885925D00B26C5B /* AttributorAppDelegate.m */ = {isa = PBXFileReference; lastKnownFileType = sourcecode.c.objc; path = AttributorAppDelegate.m; sourceTree = "<group>"; };
		3A4629CD1885925D00B26C5B /* Base */ = {isa = PBXFileReference; lastKnownFileType = file.storyboard; name = Base; path = Base.lproj/Main.storyboard; sourceTree = "<group>"; };
		3A4629CF1885925D00B26C5B /* AttributorViewController.h */ = {isa = PBXFileReference; lastKnownFileType = sourcecode.c.h; path = AttributorViewController.h; sourceTree = "<group>"; };
		3A4629D01885925D00B26C5B /* AttributorViewController.m */ = {isa = PBXFileReference; lastKnownFileType = sourcecode.c.objc; path = AttributorViewController.m; sourceTree = "<group>"; };
		3A4629D21885925E00B26C5B /* Images.xcassets */ = {isa = PBXFileReference; lastKnownFileType = folder.assetcatalog; path = Images.xcassets; sourceTree = "<group>"; };
		3A4629D81885925E00B26C5B /* AttributorTests.xctest */ = {isa = PBXFileReference; explicitFileType = wrapper.cfbundle; includeInIndex = 0; path = AttributorTests.xctest; sourceTree = BUILT_PRODUCTS_DIR; };
		3A4629D91885925E00B26C5B /* XCTest.framework */ = {isa = PBXFileReference; lastKnownFileType = wrapper.framework; name = XCTest.framework; path = Library/Frameworks/XCTest.framework; sourceTree = DEVELOPER_DIR; };
		3A4629E11885925E00B26C5B /* AttributorTests-Info.plist */ = {isa = PBXFileReference; lastKnownFileType = text.plist.xml; path = "AttributorTests-Info.plist"; sourceTree = "<group>"; };
		3A4629E31885925E00B26C5B /* en */ = {isa = PBXFileReference; lastKnownFileType = text.plist.strings; name = en; path = en.lproj/InfoPlist.strings; sourceTree = "<group>"; };
		3A4629E51885925E00B26C5B /* AttributorTests.m */ = {isa = PBXFileReference; lastKnownFileType = sourcecode.c.objc; path = AttributorTests.m; sourceTree = "<group>"; };
		3A912AAD1886FBC900225DDC /* TextStatsViewController.h */ = {isa = PBXFileReference; fileEncoding = 4; lastKnownFileType = sourcecode.c.h; name = TextStatsViewController.h; path = ../TextStatsViewController.h; sourceTree = "<group>"; };
		3A912AAE1886FBC900225DDC /* TextStatsViewController.m */ = {isa = PBXFileReference; fileEncoding = 4; lastKnownFileType = sourcecode.c.objc; name = TextStatsViewController.m; path = ../TextStatsViewController.m; sourceTree = "<group>"; };
/* End PBXFileReference section */

/* Begin PBXFrameworksBuildPhase section */
		3A4629B41885925D00B26C5B /* Frameworks */ = {
			isa = PBXFrameworksBuildPhase;
			buildActionMask = 2147483647;
			files = (
				3A4629BD1885925D00B26C5B /* CoreGraphics.framework in Frameworks */,
				3A4629BF1885925D00B26C5B /* UIKit.framework in Frameworks */,
				3A4629BB1885925D00B26C5B /* Foundation.framework in Frameworks */,
			);
			runOnlyForDeploymentPostprocessing = 0;
		};
		3A4629D51885925E00B26C5B /* Frameworks */ = {
			isa = PBXFrameworksBuildPhase;
			buildActionMask = 2147483647;
			files = (
				3A4629DA1885925E00B26C5B /* XCTest.framework in Frameworks */,
				3A4629DC1885925E00B26C5B /* UIKit.framework in Frameworks */,
				3A4629DB1885925E00B26C5B /* Foundation.framework in Frameworks */,
			);
			runOnlyForDeploymentPostprocessing = 0;
		};
/* End PBXFrameworksBuildPhase section */

/* Begin PBXGroup section */
		3A4629AE1885925D00B26C5B = {
			isa = PBXGroup;
			children = (
				3A4629C01885925D00B26C5B /* Attributor */,
				3A4629DF1885925E00B26C5B /* AttributorTests */,
				3A4629B91885925D00B26C5B /* Frameworks */,
				3A4629B81885925D00B26C5B /* Products */,
			);
			sourceTree = "<group>";
		};
		3A4629B81885925D00B26C5B /* Products */ = {
			isa = PBXGroup;
			children = (
				3A4629B71885925D00B26C5B /* Attributor.app */,
				3A4629D81885925E00B26C5B /* AttributorTests.xctest */,
			);
			name = Products;
			sourceTree = "<group>";
		};
		3A4629B91885925D00B26C5B /* Frameworks */ = {
			isa = PBXGroup;
			children = (
				3A4629BA1885925D00B26C5B /* Foundation.framework */,
				3A4629BC1885925D00B26C5B /* CoreGraphics.framework */,
				3A4629BE1885925D00B26C5B /* UIKit.framework */,
				3A4629D91885925E00B26C5B /* XCTest.framework */,
			);
			name = Frameworks;
			sourceTree = "<group>";
		};
		3A4629C01885925D00B26C5B /* Attributor */ = {
			isa = PBXGroup;
			children = (
				3A4629CC1885925D00B26C5B /* Main.storyboard */,
				3A912AAD1886FBC900225DDC /* TextStatsViewController.h */,
				3A912AAE1886FBC900225DDC /* TextStatsViewController.m */,
				3A4629CF1885925D00B26C5B /* AttributorViewController.h */,
				3A4629D01885925D00B26C5B /* AttributorViewController.m */,
				3A4629D21885925E00B26C5B /* Images.xcassets */,
				3A4629C11885925D00B26C5B /* Supporting Files */,
			);
			path = Attributor;
			sourceTree = "<group>";
		};
		3A4629C11885925D00B26C5B /* Supporting Files */ = {
			isa = PBXGroup;
			children = (
				3A4629C91885925D00B26C5B /* AttributorAppDelegate.h */,
				3A4629CA1885925D00B26C5B /* AttributorAppDelegate.m */,
				3A4629C21885925D00B26C5B /* Attributor-Info.plist */,
				3A4629C31885925D00B26C5B /* InfoPlist.strings */,
				3A4629C61885925D00B26C5B /* main.m */,
				3A4629C81885925D00B26C5B /* Attributor-Prefix.pch */,
			);
			name = "Supporting Files";
			sourceTree = "<group>";
		};
		3A4629DF1885925E00B26C5B /* AttributorTests */ = {
			isa = PBXGroup;
			children = (
				3A4629E51885925E00B26C5B /* AttributorTests.m */,
				3A4629E01885925E00B26C5B /* Supporting Files */,
			);
			path = AttributorTests;
			sourceTree = "<group>";
		};
		3A4629E01885925E00B26C5B /* Supporting Files */ = {
			isa = PBXGroup;
			children = (
				3A4629E11885925E00B26C5B /* AttributorTests-Info.plist */,
				3A4629E21885925E00B26C5B /* InfoPlist.strings */,
			);
			name = "Supporting Files";
			sourceTree = "<group>";
		};
/* End PBXGroup section */

/* Begin PBXNativeTarget section */
		3A4629B61885925D00B26C5B /* Attributor */ = {
			isa = PBXNativeTarget;
			buildConfigurationList = 3A4629E91885925E00B26C5B /* Build configuration list for PBXNativeTarget "Attributor" */;
			buildPhases = (
				3A4629B31885925D00B26C5B /* Sources */,
				3A4629B41885925D00B26C5B /* Frameworks */,
				3A4629B51885925D00B26C5B /* Resources */,
			);
			buildRules = (
			);
			dependencies = (
			);
			name = Attributor;
			productName = Attributor;
			productReference = 3A4629B71885925D00B26C5B /* Attributor.app */;
			productType = "com.apple.product-type.application";
		};
		3A4629D71885925E00B26C5B /* AttributorTests */ = {
			isa = PBXNativeTarget;
			buildConfigurationList = 3A4629EC1885925E00B26C5B /* Build configuration list for PBXNativeTarget "AttributorTests" */;
			buildPhases = (
				3A4629D41885925E00B26C5B /* Sources */,
				3A4629D51885925E00B26C5B /* Frameworks */,
				3A4629D61885925E00B26C5B /* Resources */,
			);
			buildRules = (
			);
			dependencies = (
				3A4629DE1885925E00B26C5B /* PBXTargetDependency */,
			);
			name = AttributorTests;
			productName = AttributorTests;
			productReference = 3A4629D81885925E00B26C5B /* AttributorTests.xctest */;
			productType = "com.apple.product-type.bundle.unit-test";
		};
/* End PBXNativeTarget section */

/* Begin PBXProject section */
		3A4629AF1885925D00B26C5B /* Project object */ = {
			isa = PBXProject;
			attributes = {
				CLASSPREFIX = Attributor;
				LastUpgradeCheck = 0500;
				ORGANIZATIONNAME = MIMO;
				TargetAttributes = {
					3A4629D71885925E00B26C5B = {
						TestTargetID = 3A4629B61885925D00B26C5B;
					};
				};
			};
			buildConfigurationList = 3A4629B21885925D00B26C5B /* Build configuration list for PBXProject "Attributor" */;
			compatibilityVersion = "Xcode 3.2";
			developmentRegion = English;
			hasScannedForEncodings = 0;
			knownRegions = (
				en,
				Base,
			);
			mainGroup = 3A4629AE1885925D00B26C5B;
			productRefGroup = 3A4629B81885925D00B26C5B /* Products */;
			projectDirPath = "";
			projectRoot = "";
			targets = (
				3A4629B61885925D00B26C5B /* Attributor */,
				3A4629D71885925E00B26C5B /* AttributorTests */,
			);
		};
/* End PBXProject section */

/* Begin PBXResourcesBuildPhase section */
		3A4629B51885925D00B26C5B /* Resources */ = {
			isa = PBXResourcesBuildPhase;
			buildActionMask = 2147483647;
			files = (
				3A4629D31885925E00B26C5B /* Images.xcassets in Resources */,
				3A4629C51885925D00B26C5B /* InfoPlist.strings in Resources */,
				3A4629CE1885925D00B26C5B /* Main.storyboard in Resources */,
			);
			runOnlyForDeploymentPostprocessing = 0;
		};
		3A4629D61885925E00B26C5B /* Resources */ = {
			isa = PBXResourcesBuildPhase;
			buildActionMask = 2147483647;
			files = (
				3A4629E41885925E00B26C5B /* InfoPlist.strings in Resources */,
			);
			runOnlyForDeploymentPostprocessing = 0;
		};
/* End PBXResourcesBuildPhase section */

/* Begin PBXSourcesBuildPhase section */
		3A4629B31885925D00B26C5B /* Sources */ = {
			isa = PBXSourcesBuildPhase;
			buildActionMask = 2147483647;
			files = (
				3A4629CB1885925D00B26C5B /* AttributorAppDelegate.m in Sources */,
				3A4629D11885925D00B26C5B /* AttributorViewController.m in Sources */,
				3A4629C71885925D00B26C5B /* main.m in Sources */,
				3A912AAF1886FBC900225DDC /* TextStatsViewController.m in Sources */,
			);
			runOnlyForDeploymentPostprocessing = 0;
		};
		3A4629D41885925E00B26C5B /* Sources */ = {
			isa = PBXSourcesBuildPhase;
			buildActionMask = 2147483647;
			files = (
				3A4629E61885925E00B26C5B /* AttributorTests.m in Sources */,
			);
			runOnlyForDeploymentPostprocessing = 0;
		};
/* End PBXSourcesBuildPhase section */

/* Begin PBXTargetDependency section */
		3A4629DE1885925E00B26C5B /* PBXTargetDependency */ = {
			isa = PBXTargetDependency;
			target = 3A4629B61885925D00B26C5B /* Attributor */;
			targetProxy = 3A4629DD1885925E00B26C5B /* PBXContainerItemProxy */;
		};
/* End PBXTargetDependency section */

/* Begin PBXVariantGroup section */
		3A4629C31885925D00B26C5B /* InfoPlist.strings */ = {
			isa = PBXVariantGroup;
			children = (
				3A4629C41885925D00B26C5B /* en */,
			);
			name = InfoPlist.strings;
			sourceTree = "<group>";
		};
		3A4629CC1885925D00B26C5B /* Main.storyboard */ = {
			isa = PBXVariantGroup;
			children = (
				3A4629CD1885925D00B26C5B /* Base */,
			);
			name = Main.storyboard;
			sourceTree = "<group>";
		};
		3A4629E21885925E00B26C5B /* InfoPlist.strings */ = {
			isa = PBXVariantGroup;
			children = (
				3A4629E31885925E00B26C5B /* en */,
			);
			name = InfoPlist.strings;
			sourceTree = "<group>";
		};
/* End PBXVariantGroup section */

/* Begin XCBuildConfiguration section */
		3A4629E71885925E00B26C5B /* Debug */ = {
			isa = XCBuildConfiguration;
			buildSettings = {
				ALWAYS_SEARCH_USER_PATHS = NO;
				ARCHS = "$(ARCHS_STANDARD_INCLUDING_64_BIT)";
				CLANG_CXX_LANGUAGE_STANDARD = "gnu++0x";
				CLANG_CXX_LIBRARY = "libc++";
				CLANG_ENABLE_MODULES = YES;
				CLANG_ENABLE_OBJC_ARC = YES;
				CLANG_WARN_BOOL_CONVERSION = YES;
				CLANG_WARN_CONSTANT_CONVERSION = YES;
				CLANG_WARN_DIRECT_OBJC_ISA_USAGE = YES_ERROR;
				CLANG_WARN_EMPTY_BODY = YES;
				CLANG_WARN_ENUM_CONVERSION = YES;
				CLANG_WARN_INT_CONVERSION = YES;
				CLANG_WARN_OBJC_ROOT_CLASS = YES_ERROR;
				CLANG_WARN__DUPLICATE_METHOD_MATCH = YES;
				"CODE_SIGN_IDENTITY[sdk=iphoneos*]" = "iPhone Developer";
				COPY_PHASE_STRIP = NO;
				GCC_C_LANGUAGE_STANDARD = gnu99;
				GCC_DYNAMIC_NO_PIC = NO;
				GCC_OPTIMIZATION_LEVEL = 0;
				GCC_PREPROCESSOR_DEFINITIONS = (
					"DEBUG=1",
					"$(inherited)",
				);
				GCC_SYMBOLS_PRIVATE_EXTERN = NO;
				GCC_WARN_64_TO_32_BIT_CONVERSION = YES;
				GCC_WARN_ABOUT_RETURN_TYPE = YES_ERROR;
				GCC_WARN_UNDECLARED_SELECTOR = YES;
				GCC_WARN_UNINITIALIZED_AUTOS = YES;
				GCC_WARN_UNUSED_FUNCTION = YES;
				GCC_WARN_UNUSED_VARIABLE = YES;
				IPHONEOS_DEPLOYMENT_TARGET = 7.0;
				ONLY_ACTIVE_ARCH = YES;
				SDKROOT = iphoneos;
			};
			name = Debug;
		};
		3A4629E81885925E00B26C5B /* Release */ = {
			isa = XCBuildConfiguration;
			buildSettings = {
				ALWAYS_SEARCH_USER_PATHS = NO;
				ARCHS = "$(ARCHS_STANDARD_INCLUDING_64_BIT)";
				CLANG_CXX_LANGUAGE_STANDARD = "gnu++0x";
				CLANG_CXX_LIBRARY = "libc++";
				CLANG_ENABLE_MODULES = YES;
				CLANG_ENABLE_OBJC_ARC = YES;
				CLANG_WARN_BOOL_CONVERSION = YES;
				CLANG_WARN_CONSTANT_CONVERSION = YES;
				CLANG_WARN_DIRECT_OBJC_ISA_USAGE = YES_ERROR;
				CLANG_WARN_EMPTY_BODY = YES;
				CLANG_WARN_ENUM_CONVERSION = YES;
				CLANG_WARN_INT_CONVERSION = YES;
				CLANG_WARN_OBJC_ROOT_CLASS = YES_ERROR;
				CLANG_WARN__DUPLICATE_METHOD_MATCH = YES;
				"CODE_SIGN_IDENTITY[sdk=iphoneos*]" = "iPhone Developer";
				COPY_PHASE_STRIP = YES;
				ENABLE_NS_ASSERTIONS = NO;
				GCC_C_LANGUAGE_STANDARD = gnu99;
				GCC_WARN_64_TO_32_BIT_CONVERSION = YES;
				GCC_WARN_ABOUT_RETURN_TYPE = YES_ERROR;
				GCC_WARN_UNDECLARED_SELECTOR = YES;
				GCC_WARN_UNINITIALIZED_AUTOS = YES;
				GCC_WARN_UNUSED_FUNCTION = YES;
				GCC_WARN_UNUSED_VARIABLE = YES;
				IPHONEOS_DEPLOYMENT_TARGET = 7.0;
				SDKROOT = iphoneos;
				VALIDATE_PRODUCT = YES;
			};
			name = Release;
		};
		3A4629EA1885925E00B26C5B /* Debug */ = {
			isa = XCBuildConfiguration;
			buildSettings = {
				ASSETCATALOG_COMPILER_APPICON_NAME = AppIcon;
				ASSETCATALOG_COMPILER_LAUNCHIMAGE_NAME = LaunchImage;
				GCC_PRECOMPILE_PREFIX_HEADER = YES;
				GCC_PREFIX_HEADER = "Attributor/Attributor-Prefix.pch";
				INFOPLIST_FILE = "Attributor/Attributor-Info.plist";
				PRODUCT_NAME = "$(TARGET_NAME)";
				WRAPPER_EXTENSION = app;
			};
			name = Debug;
		};
		3A4629EB1885925E00B26C5B /* Release */ = {
			isa = XCBuildConfiguration;
			buildSettings = {
				ASSETCATALOG_COMPILER_APPICON_NAME = AppIcon;
				ASSETCATALOG_COMPILER_LAUNCHIMAGE_NAME = LaunchImage;
				GCC_PRECOMPILE_PREFIX_HEADER = YES;
				GCC_PREFIX_HEADER = "Attributor/Attributor-Prefix.pch";
				INFOPLIST_FILE = "Attributor/Attributor-Info.plist";
				PRODUCT_NAME = "$(TARGET_NAME)";
				WRAPPER_EXTENSION = app;
			};
			name = Release;
		};
		3A4629ED1885925E00B26C5B /* Debug */ = {
			isa = XCBuildConfiguration;
			buildSettings = {
				ARCHS = "$(ARCHS_STANDARD_INCLUDING_64_BIT)";
				BUNDLE_LOADER = "$(BUILT_PRODUCTS_DIR)/Attributor.app/Attributor";
				FRAMEWORK_SEARCH_PATHS = (
					"$(SDKROOT)/Developer/Library/Frameworks",
					"$(inherited)",
					"$(DEVELOPER_FRAMEWORKS_DIR)",
				);
				GCC_PRECOMPILE_PREFIX_HEADER = YES;
				GCC_PREFIX_HEADER = "Attributor/Attributor-Prefix.pch";
				GCC_PREPROCESSOR_DEFINITIONS = (
					"DEBUG=1",
					"$(inherited)",
				);
				INFOPLIST_FILE = "AttributorTests/AttributorTests-Info.plist";
				PRODUCT_NAME = "$(TARGET_NAME)";
				TEST_HOST = "$(BUNDLE_LOADER)";
				WRAPPER_EXTENSION = xctest;
			};
			name = Debug;
		};
		3A4629EE1885925E00B26C5B /* Release */ = {
			isa = XCBuildConfiguration;
			buildSettings = {
				ARCHS = "$(ARCHS_STANDARD_INCLUDING_64_BIT)";
				BUNDLE_LOADER = "$(BUILT_PRODUCTS_DIR)/Attributor.app/Attributor";
				FRAMEWORK_SEARCH_PATHS = (
					"$(SDKROOT)/Developer/Library/Frameworks",
					"$(inherited)",
					"$(DEVELOPER_FRAMEWORKS_DIR)",
				);
				GCC_PRECOMPILE_PREFIX_HEADER = YES;
				GCC_PREFIX_HEADER = "Attributor/Attributor-Prefix.pch";
				INFOPLIST_FILE = "AttributorTests/AttributorTests-Info.plist";
				PRODUCT_NAME = "$(TARGET_NAME)";
				TEST_HOST = "$(BUNDLE_LOADER)";
				WRAPPER_EXTENSION = xctest;
			};
			name = Release;
		};
/* End XCBuildConfiguration section */

/* Begin XCConfigurationList section */
		3A4629B21885925D00B26C5B /* Build configuration list for PBXProject "Attributor" */ = {
			isa = XCConfigurationList;
			buildConfigurations = (
				3A4629E71885925E00B26C5B /* Debug */,
				3A4629E81885925E00B26C5B /* Release */,
			);
			defaultConfigurationIsVisible = 0;
			defaultConfigurationName = Release;
		};
		3A4629E91885925E00B26C5B /* Build configuration list for PBXNativeTarget "Attributor" */ = {
			isa = XCConfigurationList;
			buildConfigurations = (
				3A4629EA1885925E00B26C5B /* Debug */,
				3A4629EB1885925E00B26C5B /* Release */,
			);
			defaultConfigurationIsVisible = 0;
			defaultConfigurationName = Release;
		};
		3A4629EC1885925E00B26C5B /* Build configuration list for PBXNativeTarget "AttributorTests" */ = {
			isa = XCConfigurationList;
			buildConfigurations = (
				3A4629ED1885925E00B26C5B /* Debug */,
				3A4629EE1885925E00B26C5B /* Release */,
			);
			defaultConfigurationIsVisible = 0;
			defaultConfigurationName = Release;
		};
/* End XCConfigurationList section */
	};
	rootObject = 3A4629AF1885925D00B26C5B /* Project object */;
}
